
Microsoft Visual Studio Solution File, Format Version 12.00
# Visual Studio Version 17
VisualStudioVersion = 17.8.34525.116
MinimumVisualStudioVersion = 10.0.40219.1
Project("{FAE04EC0-301F-11D3-BF4B-00C04F79EFBC}") = "GraphForm", "GraphForm.csproj", "{23EA2E7A-690F-4899-900A-8854AA79771E}"
EndProject
Global
	GlobalSection(SolutionConfigurationPlatforms) = preSolution
		Debug|Any CPU = Debug|Any CPU
		Release|Any CPU = Release|Any CPU
	EndGlobalSection
	GlobalSection(ProjectConfigurationPlatforms) = postSolution
		{23EA2E7A-690F-4899-900A-8854AA79771E}.Debug|Any CPU.ActiveCfg = Debug|Any CPU
		{23EA2E7A-690F-4899-900A-8854AA79771E}.Debug|Any CPU.Build.0 = Debug|Any CPU
		{23EA2E7A-690F-4899-900A-8854AA79771E}.Release|Any CPU.ActiveCfg = Release|Any CPU
		{23EA2E7A-690F-4899-900A-8854AA79771E}.Release|Any CPU.Build.0 = Release|Any CPU
	EndGlobalSection
	GlobalSection(SolutionProperties) = preSolution
		HideSolutionNode = FALSE
	EndGlobalSection
	GlobalSection(ExtensibilityGlobals) = postSolution
		SolutionGuid = {8B5CB23B-EA73-4BCA-A0ED-A31EDCECB439}
	EndGlobalSection
EndGlobal
